Microsoft Visual Studio Solution File, Format Version 12.00
# Visual Studio 2012
Project("{FAE04EC0-301F-11D3-BF4B-00C04F79EFBC}") = "Balloon Buddy", "Balloon Buddy.csproj", "{3A2C4935-D340-400D-B379-76CFE12F24FF}"
EndProject
Global
	GlobalSection(SolutionConfigurationPlatforms) = preSolution
	Debug|Any CPU = Debug|Any CPU
	ExportDebug|Any CPU = ExportDebug|Any CPU
	ExportRelease|Any CPU = ExportRelease|Any CPU
	EndGlobalSection
	GlobalSection(ProjectConfigurationPlatforms) = postSolution
		{3A2C4935-D340-400D-B379-76CFE12F24FF}.Debug|Any CPU.ActiveCfg = Debug|Any CPU
		{3A2C4935-D340-400D-B379-76CFE12F24FF}.Debug|Any CPU.Build.0 = Debug|Any CPU
		{3A2C4935-D340-400D-B379-76CFE12F24FF}.ExportDebug|Any CPU.ActiveCfg = ExportDebug|Any CPU
		{3A2C4935-D340-400D-B379-76CFE12F24FF}.ExportDebug|Any CPU.Build.0 = ExportDebug|Any CPU
		{3A2C4935-D340-400D-B379-76CFE12F24FF}.ExportRelease|Any CPU.ActiveCfg = ExportRelease|Any CPU
		{3A2C4935-D340-400D-B379-76CFE12F24FF}.ExportRelease|Any CPU.Build.0 = ExportRelease|Any CPU
	EndGlobalSection
EndGlobal
